
Microsoft Visual Studio Solution File, Format Version 12.00
# Visual Studio Version 17
VisualStudioVersion = 17.7.34031.279
MinimumVisualStudioVersion = 10.0.40219.1
Project("{9A19103F-16F7-4668-BE54-9A1E7A4F7556}") = "CSTOJS_BWA", "CSTOJS_BWA\CSTOJS_BWA.csproj", "{1A49F6C5-821E-4B12-AFB5-29B5395CE063}"
EndProject
Global
	GlobalSection(SolutionConfigurationPlatforms) = preSolution
		Debug|Any CPU = Debug|Any CPU
		Release|Any CPU = Release|Any CPU
	EndGlobalSection
	GlobalSection(ProjectConfigurationPlatforms) = postSolution
		{1A49F6C5-821E-4B12-AFB5-29B5395CE063}.Debug|Any CPU.ActiveCfg = Debug|Any CPU
		{1A49F6C5-821E-4B12-AFB5-29B5395CE063}.Debug|Any CPU.Build.0 = Debug|Any CPU
		{1A49F6C5-821E-4B12-AFB5-29B5395CE063}.Release|Any CPU.ActiveCfg = Release|Any CPU
		{1A49F6C5-821E-4B12-AFB5-29B5395CE063}.Release|Any CPU.Build.0 = Release|Any CPU
	EndGlobalSection
	GlobalSection(SolutionProperties) = preSolution
		HideSolutionNode = FALSE
	EndGlobalSection
	GlobalSection(ExtensibilityGlobals) = postSolution
		SolutionGuid = {52E5CA97-0271-4181-BFC6-F8BA8D09CF95}
	EndGlobalSection
EndGlobal
